{
	"name": "statoscope-stats-extension-modules-connections",
	"version": "5.17.0",
	"lockfileVersion": 2,
	"requires": true,
	"packages": {
		"": {
			"name": "statoscope-stats-extension-modules-connections",
			"version": "5.17.0",
			"license": "MIT",
			"dependencies": {
				"@statoscope/extensions": "^5.14.1",
				"@statoscope/stats": "5.14.1",
				"@statoscope/types": "5.14.1",
				"@types/node": "^16.11.6"
			}
		},
		"node_modules/@statoscope/extensions": {
			"version": "5.14.1",
			"resolved": "https://registry.npmjs.org/@statoscope/extensions/-/extensions-5.14.1.tgz",
			"integrity": "sha512-5O31566+bOkkdYFH81mGGBTh0YcU0zoYurTrsK5uZfpNY87ZCPpptrszX8npTRHNsxbjBBNt7vAwImJyYdhzLw=="
		},
		"node_modules/@statoscope/stats": {
			"version": "5.14.1",
			"resolved": "https://registry.npmjs.org/@statoscope/stats/-/stats-5.14.1.tgz",
			"integrity": "sha512-Kz7kCKuT6DXaqAPfyTwp27xHMDUna9o6UlRSQXXBZ8Yyk7eYYvTNw+5ffRyqivL9IOzD7FQYDQ6VUBHh0UfyDw=="
		},
		"node_modules/@statoscope/types": {
			"version": "5.14.1",
			"resolved": "https://registry.npmjs.org/@statoscope/types/-/types-5.14.1.tgz",
			"integrity": "sha512-vIo7aq2E71AC3y3mdnZqA5aupYUaEIHuPD2gUG0bAA8zTXH7YICk7nRkuxx7xnCBhTZTXAgvtF8hgQ35K4N8oQ==",
			"dependencies": {
				"@statoscope/stats": "5.14.1"
			}
		},
		"node_modules/@types/node": {
			"version": "16.11.6",
			"resolved": "https://registry.npmjs.org/@types/node/-/node-16.11.6.tgz",
			"integrity": "sha512-ua7PgUoeQFjmWPcoo9khiPum3Pd60k4/2ZGXt18sm2Slk0W0xZTqt5Y0Ny1NyBiN1EVQ/+FaF9NcY4Qe6rwk5w=="
		}
	},
	"dependencies": {
		"@statoscope/extensions": {
			"version": "5.14.1",
			"resolved": "https://registry.npmjs.org/@statoscope/extensions/-/extensions-5.14.1.tgz",
			"integrity": "sha512-5O31566+bOkkdYFH81mGGBTh0YcU0zoYurTrsK5uZfpNY87ZCPpptrszX8npTRHNsxbjBBNt7vAwImJyYdhzLw=="
		},
		"@statoscope/stats": {
			"version": "5.14.1",
			"resolved": "https://registry.npmjs.org/@statoscope/stats/-/stats-5.14.1.tgz",
			"integrity": "sha512-Kz7kCKuT6DXaqAPfyTwp27xHMDUna9o6UlRSQXXBZ8Yyk7eYYvTNw+5ffRyqivL9IOzD7FQYDQ6VUBHh0UfyDw=="
		},
		"@statoscope/types": {
			"version": "5.14.1",
			"resolved": "https://registry.npmjs.org/@statoscope/types/-/types-5.14.1.tgz",
			"integrity": "sha512-vIo7aq2E71AC3y3mdnZqA5aupYUaEIHuPD2gUG0bAA8zTXH7YICk7nRkuxx7xnCBhTZTXAgvtF8hgQ35K4N8oQ==",
			"requires": {
				"@statoscope/stats": "5.14.1"
			}
		},
		"@types/node": {
			"version": "16.11.6",
			"resolved": "https://registry.npmjs.org/@types/node/-/node-16.11.6.tgz",
			"integrity": "sha512-ua7PgUoeQFjmWPcoo9khiPum3Pd60k4/2ZGXt18sm2Slk0W0xZTqt5Y0Ny1NyBiN1EVQ/+FaF9NcY4Qe6rwk5w=="
		}
	}
}
